
Microsoft Visual Studio Solution File, Format Version 12.00
# Visual Studio 15
VisualStudioVersion = 15.0.27130.2027
MinimumVisualStudioVersion = 10.0.40219.1
Project("{2150E333-8FDC-42A3-9474-1A3956D46DE8}") = "Module", "Module", "{196D1E6C-E38C-4F15-A002-7016CFB74876}"
EndProject
Project("{2150E333-8FDC-42A3-9474-1A3956D46DE8}") = "DataService", "DataService", "{67F5407D-94A6-49FE-AE5D-89E1EC2C13F0}"
EndProject
Project("{2150E333-8FDC-42A3-9474-1A3956D46DE8}") = "Utils", "Utils", "{152E0565-A522-4F28-8AAC-BA700B65CAD7}"
EndProject
Project("{9A19103F-16F7-4668-BE54-9A1E7A4F7556}") = "Five.QuartzNetJob.Utils.Tool", "Module\Utils\Tool\Five.QuartzNetJob.Utils.Tool.csproj", "{17FB9349-E777-44BA-986B-EB3C5BBAF284}"
EndProject
Project("{2150E333-8FDC-42A3-9474-1A3956D46DE8}") = "QuartzNet", "QuartzNet", "{695D92B3-C32D-49DC-AF4A-1051ED2FD8F0}"
EndProject
Project("{9A19103F-16F7-4668-BE54-9A1E7A4F7556}") = "Five.QuartzNetJob.DataService.Models", "Module\DataService\Models\Five.QuartzNetJob.DataService.Models.csproj", "{16488BF8-5AC3-49A2-91E1-C4ED66D8E0BF}"
EndProject
Project("{9A19103F-16F7-4668-BE54-9A1E7A4F7556}") = "Five.QuartzNetJob.DataService.DataHelper", "Module\DataService\DataHelper\Five.QuartzNetJob.DataService.DataHelper.csproj", "{EFF6CC4B-7E3D-412B-BDAB-91519D080DA5}"
EndProject
Project("{2150E333-8FDC-42A3-9474-1A3956D46DE8}") = "ExecuteJobTask", "ExecuteJobTask", "{85B4D87E-B920-44BE-BCB2-296A9734E5C4}"
EndProject
Project("{9A19103F-16F7-4668-BE54-9A1E7A4F7556}") = "Five.QuartzNetJob.ExecuteJobTask.Service", "Module\QuartzJobTask\SubmitJob\Five.QuartzNetJob.ExecuteJobTask.Service.csproj", "{5AA6BA5A-5D36-4F01-85C8-575A0FF8A575}"
EndProject
Project("{9A19103F-16F7-4668-BE54-9A1E7A4F7556}") = "QuartzNet.Entity", "Module\QuartzNet\Entity\QuartzNet.Entity.csproj", "{FFBBABCE-2A14-49BB-B07D-E8F7CCCDE830}"
EndProject
Project("{2150E333-8FDC-42A3-9474-1A3956D46DE8}") = "Web", "Web", "{89F34D7C-C0BB-44DE-A9D4-F430A15E1C89}"
EndProject
Project("{9A19103F-16F7-4668-BE54-9A1E7A4F7556}") = "Five.QuartzNetJob.Web", "Web\Five.QuartzNetJob.Web.csproj", "{4858F41E-EFC1-4A4C-8F16-02894D7937A4}"
EndProject
Project("{9A19103F-16F7-4668-BE54-9A1E7A4F7556}") = "QuartzNet3.Core", "Module\QuartzNet\QuartzNet3\QuartzNet3.Core.csproj", "{942A4ED4-D6D8-48E4-B330-42245D46194A}"
EndProject
Project("{FAE04EC0-301F-11D3-BF4B-00C04F79EFBC}") = "QuartzNet2.Core", "Module\QuartzNet\QuartzNet2\QuartzNet2.Core.csproj", "{F4656C78-A557-4B50-AC43-A31886854CFC}"
EndProject
Project("{2150E333-8FDC-42A3-9474-1A3956D46DE8}") = "Sql", "Sql", "{2C4F566E-17D5-4DC6-87DF-5C79E8EBDE77}"
EndProject
Project("{2150E333-8FDC-42A3-9474-1A3956D46DE8}") = "SignalR", "SignalR", "{695A5FBC-C889-411A-BA99-CB8DEDBCD912}"
EndProject
Project("{9A19103F-16F7-4668-BE54-9A1E7A4F7556}") = "SignalR.Server", "Module\SignalR\Server\SignalR.Server.csproj", "{7A1BC157-894A-4C3D-9F4A-80621C94B956}"
EndProject
Project("{9A19103F-16F7-4668-BE54-9A1E7A4F7556}") = "SignalR.Client", "Module\SignalR\Client\SignalR.Client.csproj", "{1C8D139F-217A-471A-817D-CD9210E96BC3}"
EndProject
Global
	GlobalSection(SolutionConfigurationPlatforms) = preSolution
		Debug|Any CPU = Debug|Any CPU
		Release|Any CPU = Release|Any CPU
	EndGlobalSection
	GlobalSection(ProjectConfigurationPlatforms) = postSolution
		{17FB9349-E777-44BA-986B-EB3C5BBAF284}.Debug|Any CPU.ActiveCfg = Debug|Any CPU
		{17FB9349-E777-44BA-986B-EB3C5BBAF284}.Debug|Any CPU.Build.0 = Debug|Any CPU
		{17FB9349-E777-44BA-986B-EB3C5BBAF284}.Release|Any CPU.ActiveCfg = Release|Any CPU
		{17FB9349-E777-44BA-986B-EB3C5BBAF284}.Release|Any CPU.Build.0 = Release|Any CPU
		{16488BF8-5AC3-49A2-91E1-C4ED66D8E0BF}.Debug|Any CPU.ActiveCfg = Debug|Any CPU
		{16488BF8-5AC3-49A2-91E1-C4ED66D8E0BF}.Debug|Any CPU.Build.0 = Debug|Any CPU
		{16488BF8-5AC3-49A2-91E1-C4ED66D8E0BF}.Release|Any CPU.ActiveCfg = Release|Any CPU
		{16488BF8-5AC3-49A2-91E1-C4ED66D8E0BF}.Release|Any CPU.Build.0 = Release|Any CPU
		{EFF6CC4B-7E3D-412B-BDAB-91519D080DA5}.Debug|Any CPU.ActiveCfg = Debug|Any CPU
		{EFF6CC4B-7E3D-412B-BDAB-91519D080DA5}.Debug|Any CPU.Build.0 = Debug|Any CPU
		{EFF6CC4B-7E3D-412B-BDAB-91519D080DA5}.Release|Any CPU.ActiveCfg = Release|Any CPU
		{EFF6CC4B-7E3D-412B-BDAB-91519D080DA5}.Release|Any CPU.Build.0 = Release|Any CPU
		{5AA6BA5A-5D36-4F01-85C8-575A0FF8A575}.Debug|Any CPU.ActiveCfg = Debug|Any CPU
		{5AA6BA5A-5D36-4F01-85C8-575A0FF8A575}.Debug|Any CPU.Build.0 = Debug|Any CPU
		{5AA6BA5A-5D36-4F01-85C8-575A0FF8A575}.Release|Any CPU.ActiveCfg = Release|Any CPU
		{5AA6BA5A-5D36-4F01-85C8-575A0FF8A575}.Release|Any CPU.Build.0 = Release|Any CPU
		{FFBBABCE-2A14-49BB-B07D-E8F7CCCDE830}.Debug|Any CPU.ActiveCfg = Debug|Any CPU
		{FFBBABCE-2A14-49BB-B07D-E8F7CCCDE830}.Debug|Any CPU.Build.0 = Debug|Any CPU
		{FFBBABCE-2A14-49BB-B07D-E8F7CCCDE830}.Release|Any CPU.ActiveCfg = Release|Any CPU
		{FFBBABCE-2A14-49BB-B07D-E8F7CCCDE830}.Release|Any CPU.Build.0 = Release|Any CPU
		{4858F41E-EFC1-4A4C-8F16-02894D7937A4}.Debug|Any CPU.ActiveCfg = Debug|Any CPU
		{4858F41E-EFC1-4A4C-8F16-02894D7937A4}.Debug|Any CPU.Build.0 = Debug|Any CPU
		{4858F41E-EFC1-4A4C-8F16-02894D7937A4}.Release|Any CPU.ActiveCfg = Release|Any CPU
		{4858F41E-EFC1-4A4C-8F16-02894D7937A4}.Release|Any CPU.Build.0 = Release|Any CPU
		{942A4ED4-D6D8-48E4-B330-42245D46194A}.Debug|Any CPU.ActiveCfg = Debug|Any CPU
		{942A4ED4-D6D8-48E4-B330-42245D46194A}.Debug|Any CPU.Build.0 = Debug|Any CPU
		{942A4ED4-D6D8-48E4-B330-42245D46194A}.Release|Any CPU.ActiveCfg = Release|Any CPU
		{942A4ED4-D6D8-48E4-B330-42245D46194A}.Release|Any CPU.Build.0 = Release|Any CPU
		{F4656C78-A557-4B50-AC43-A31886854CFC}.Debug|Any CPU.ActiveCfg = Debug|Any CPU
		{F4656C78-A557-4B50-AC43-A31886854CFC}.Debug|Any CPU.Build.0 = Debug|Any CPU
		{F4656C78-A557-4B50-AC43-A31886854CFC}.Release|Any CPU.ActiveCfg = Release|Any CPU
		{F4656C78-A557-4B50-AC43-A31886854CFC}.Release|Any CPU.Build.0 = Release|Any CPU
		{7A1BC157-894A-4C3D-9F4A-80621C94B956}.Debug|Any CPU.ActiveCfg = Debug|Any CPU
		{7A1BC157-894A-4C3D-9F4A-80621C94B956}.Debug|Any CPU.Build.0 = Debug|Any CPU
		{7A1BC157-894A-4C3D-9F4A-80621C94B956}.Release|Any CPU.ActiveCfg = Release|Any CPU
		{7A1BC157-894A-4C3D-9F4A-80621C94B956}.Release|Any CPU.Build.0 = Release|Any CPU
		{1C8D139F-217A-471A-817D-CD9210E96BC3}.Debug|Any CPU.ActiveCfg = Debug|Any CPU
		{1C8D139F-217A-471A-817D-CD9210E96BC3}.Debug|Any CPU.Build.0 = Debug|Any CPU
		{1C8D139F-217A-471A-817D-CD9210E96BC3}.Release|Any CPU.ActiveCfg = Release|Any CPU
		{1C8D139F-217A-471A-817D-CD9210E96BC3}.Release|Any CPU.Build.0 = Release|Any CPU
	EndGlobalSection
	GlobalSection(SolutionProperties) = preSolution
		HideSolutionNode = FALSE
	EndGlobalSection
	GlobalSection(NestedProjects) = preSolution
		{67F5407D-94A6-49FE-AE5D-89E1EC2C13F0} = {196D1E6C-E38C-4F15-A002-7016CFB74876}
		{152E0565-A522-4F28-8AAC-BA700B65CAD7} = {196D1E6C-E38C-4F15-A002-7016CFB74876}
		{17FB9349-E777-44BA-986B-EB3C5BBAF284} = {152E0565-A522-4F28-8AAC-BA700B65CAD7}
		{695D92B3-C32D-49DC-AF4A-1051ED2FD8F0} = {196D1E6C-E38C-4F15-A002-7016CFB74876}
		{16488BF8-5AC3-49A2-91E1-C4ED66D8E0BF} = {67F5407D-94A6-49FE-AE5D-89E1EC2C13F0}
		{EFF6CC4B-7E3D-412B-BDAB-91519D080DA5} = {67F5407D-94A6-49FE-AE5D-89E1EC2C13F0}
		{85B4D87E-B920-44BE-BCB2-296A9734E5C4} = {196D1E6C-E38C-4F15-A002-7016CFB74876}
		{5AA6BA5A-5D36-4F01-85C8-575A0FF8A575} = {85B4D87E-B920-44BE-BCB2-296A9734E5C4}
		{FFBBABCE-2A14-49BB-B07D-E8F7CCCDE830} = {695D92B3-C32D-49DC-AF4A-1051ED2FD8F0}
		{4858F41E-EFC1-4A4C-8F16-02894D7937A4} = {89F34D7C-C0BB-44DE-A9D4-F430A15E1C89}
		{942A4ED4-D6D8-48E4-B330-42245D46194A} = {695D92B3-C32D-49DC-AF4A-1051ED2FD8F0}
		{F4656C78-A557-4B50-AC43-A31886854CFC} = {695D92B3-C32D-49DC-AF4A-1051ED2FD8F0}
		{695A5FBC-C889-411A-BA99-CB8DEDBCD912} = {196D1E6C-E38C-4F15-A002-7016CFB74876}
		{7A1BC157-894A-4C3D-9F4A-80621C94B956} = {695A5FBC-C889-411A-BA99-CB8DEDBCD912}
		{1C8D139F-217A-471A-817D-CD9210E96BC3} = {695A5FBC-C889-411A-BA99-CB8DEDBCD912}
	EndGlobalSection
	GlobalSection(ExtensibilityGlobals) = postSolution
		SolutionGuid = {AA69D090-AAA8-4F9A-B465-0B91CA37E4EC}
	EndGlobalSection
EndGlobal
